// !$*UTF8*$!
{
	archiveVersion = 1;
	classes = {
	};
	objectVersion = 46;
	objects = {

/* Begin PBXBuildFile section */
		A81E47651EB6E71B00D5750F /* AppDelegate.swift in Sources */ = {isa = PBXBuildFile; fileRef = A81E47641EB6E71B00D5750F /* AppDelegate.swift */; };
		A81E47671EB6E71B00D5750F /* ViewController.swift in Sources */ = {isa = PBXBuildFile; fileRef = A81E47661EB6E71B00D5750F /* ViewController.swift */; };
		A81E476A1EB6E71B00D5750F /* Main.storyboard in Resources */ = {isa = PBXBuildFile; fileRef = A81E47681EB6E71B00D5750F /* Main.storyboard */; };
		A81E476D1EB6E71B00D5750F /* ThroneBuilder.xcdatamodeld in Sources */ = {isa = PBXBuildFile; fileRef = A81E476B1EB6E71B00D5750F /* ThroneBuilder.xcdatamodeld */; };
		A81E476F1EB6E71B00D5750F /* Assets.xcassets in Resources */ = {isa = PBXBuildFile; fileRef = A81E476E1EB6E71B00D5750F /* Assets.xcassets */; };
		A81E47721EB6E71B00D5750F /* LaunchScreen.storyboard in Resources */ = {isa = PBXBuildFile; fileRef = A81E47701EB6E71B00D5750F /* LaunchScreen.storyboard */; };
		A81E477D1EB6E71B00D5750F /* ThroneBuilderTests.swift in Sources */ = {isa = PBXBuildFile; fileRef = A81E477C1EB6E71B00D5750F /* ThroneBuilderTests.swift */; };
		A81E47881EB6E71B00D5750F /* ThroneBuilderUITests.swift in Sources */ = {isa = PBXBuildFile; fileRef = A81E47871EB6E71B00D5750F /* ThroneBuilderUITests.swift */; };
		A81E47AE1EB6EC1300D5750F /* Alamofire.framework in Frameworks */ = {isa = PBXBuildFile; fileRef = A81E47A11EB6EB2000D5750F /* Alamofire.framework */; };
		A81E47AF1EB6EC1300D5750F /* Alamofire.framework in Embed Frameworks */ = {isa = PBXBuildFile; fileRef = A81E47A11EB6EB2000D5750F /* Alamofire.framework */; settings = {ATTRIBUTES = (CodeSignOnCopy, RemoveHeadersOnCopy, ); }; };
/* End PBXBuildFile section */

/* Begin PBXContainerItemProxy section */
		A81E47791EB6E71B00D5750F /* PBXContainerItemProxy */ = {
			isa = PBXContainerItemProxy;
			containerPortal = A81E47591EB6E71A00D5750F /* Project object */;
			proxyType = 1;
			remoteGlobalIDString = A81E47601EB6E71A00D5750F;
			remoteInfo = ThroneBuilder;
		};
		A81E47841EB6E71B00D5750F /* PBXContainerItemProxy */ = {
			isa = PBXContainerItemProxy;
			containerPortal = A81E47591EB6E71A00D5750F /* Project object */;
			proxyType = 1;
			remoteGlobalIDString = A81E47601EB6E71A00D5750F;
			remoteInfo = ThroneBuilder;
		};
		A81E47A01EB6EB2000D5750F /* PBXContainerItemProxy */ = {
			isa = PBXContainerItemProxy;
			containerPortal = A81E47951EB6EB2000D5750F /* Alamofire.xcodeproj */;
			proxyType = 2;
			remoteGlobalIDString = F8111E3319A95C8B0040E7D1;
			remoteInfo = "Alamofire iOS";
		};
		A81E47A21EB6EB2000D5750F /* PBXContainerItemProxy */ = {
			isa = PBXContainerItemProxy;
			containerPortal = A81E47951EB6EB2000D5750F /* Alamofire.xcodeproj */;
			proxyType = 2;
			remoteGlobalIDString = F8111E3E19A95C8B0040E7D1;
			remoteInfo = "Alamofire iOS Tests";
		};
		A81E47A41EB6EB2000D5750F /* PBXContainerItemProxy */ = {
			isa = PBXContainerItemProxy;
			containerPortal = A81E47951EB6EB2000D5750F /* Alamofire.xcodeproj */;
			proxyType = 2;
			remoteGlobalIDString = 4DD67C0B1A5C55C900ED2280;
			remoteInfo = "Alamofire macOS";
		};
		A81E47A61EB6EB2000D5750F /* PBXContainerItemProxy */ = {
			isa = PBXContainerItemProxy;
			containerPortal = A81E47951EB6EB2000D5750F /* Alamofire.xcodeproj */;
			proxyType = 2;
			remoteGlobalIDString = F829C6B21A7A94F100A2CD59;
			remoteInfo = "Alamofire macOS Tests";
		};
		A81E47A81EB6EB2000D5750F /* PBXContainerItemProxy */ = {
			isa = PBXContainerItemProxy;
			containerPortal = A81E47951EB6EB2000D5750F /* Alamofire.xcodeproj */;
			proxyType = 2;
			remoteGlobalIDString = 4CF626EF1BA7CB3E0011A099;
			remoteInfo = "Alamofire tvOS";
		};
		A81E47AA1EB6EB2000D5750F /* PBXContainerItemProxy */ = {
			isa = PBXContainerItemProxy;
			containerPortal = A81E47951EB6EB2000D5750F /* Alamofire.xcodeproj */;
			proxyType = 2;
			remoteGlobalIDString = 4CF626F81BA7CB3E0011A099;
			remoteInfo = "Alamofire tvOS Tests";
		};
		A81E47AC1EB6EB2000D5750F /* PBXContainerItemProxy */ = {
			isa = PBXContainerItemProxy;
			containerPortal = A81E47951EB6EB2000D5750F /* Alamofire.xcodeproj */;
			proxyType = 2;
			remoteGlobalIDString = E4202FE01B667AA100C997FB;
			remoteInfo = "Alamofire watchOS";
		};
		A81E47B01EB6EC1300D5750F /* PBXContainerItemProxy */ = {
			isa = PBXContainerItemProxy;
			containerPortal = A81E47951EB6EB2000D5750F /* Alamofire.xcodeproj */;
			proxyType = 1;
			remoteGlobalIDString = F8111E3219A95C8B0040E7D1;
			remoteInfo = "Alamofire iOS";
		};
/* End PBXContainerItemProxy section */

/* Begin PBXCopyFilesBuildPhase section */
		A81E47B21EB6EC1300D5750F /* Embed Frameworks */ = {
			isa = PBXCopyFilesBuildPhase;
			buildActionMask = 2147483647;
			dstPath = "";
			dstSubfolderSpec = 10;
			files = (
				A81E47AF1EB6EC1300D5750F /* Alamofire.framework in Embed Frameworks */,
			);
			name = "Embed Frameworks";
			runOnlyForDeploymentPostprocessing = 0;
		};
/* End PBXCopyFilesBuildPhase section */

/* Begin PBXFileReference section */
		A81E47611EB6E71B00D5750F /* ThroneBuilder.app */ = {isa = PBXFileReference; explicitFileType = wrapper.application; includeInIndex = 0; path = ThroneBuilder.app; sourceTree = BUILT_PRODUCTS_DIR; };
		A81E47641EB6E71B00D5750F /* AppDelegate.swift */ = {isa = PBXFileReference; lastKnownFileType = sourcecode.swift; path = AppDelegate.swift; sourceTree = "<group>"; };
		A81E47661EB6E71B00D5750F /* ViewController.swift */ = {isa = PBXFileReference; lastKnownFileType = sourcecode.swift; path = ViewController.swift; sourceTree = "<group>"; };
		A81E47691EB6E71B00D5750F /* Base */ = {isa = PBXFileReference; lastKnownFileType = file.storyboard; name = Base; path = Base.lproj/Main.storyboard; sourceTree = "<group>"; };
		A81E476C1EB6E71B00D5750F /* ThroneBuilder.xcdatamodel */ = {isa = PBXFileReference; lastKnownFileType = wrapper.xcdatamodel; path = ThroneBuilder.xcdatamodel; sourceTree = "<group>"; };
		A81E476E1EB6E71B00D5750F /* Assets.xcassets */ = {isa = PBXFileReference; lastKnownFileType = folder.assetcatalog; path = Assets.xcassets; sourceTree = "<group>"; };
		A81E47711EB6E71B00D5750F /* Base */ = {isa = PBXFileReference; lastKnownFileType = file.storyboard; name = Base; path = Base.lproj/LaunchScreen.storyboard; sourceTree = "<group>"; };
		A81E47731EB6E71B00D5750F /* Info.plist */ = {isa = PBXFileReference; lastKnownFileType = text.plist.xml; path = Info.plist; sourceTree = "<group>"; };
		A81E47781EB6E71B00D5750F /* ThroneBuilderTests.xctest */ = {isa = PBXFileReference; explicitFileType = wrapper.cfbundle; includeInIndex = 0; path = ThroneBuilderTests.xctest; sourceTree = BUILT_PRODUCTS_DIR; };
		A81E477C1EB6E71B00D5750F /* ThroneBuilderTests.swift */ = {isa = PBXFileReference; lastKnownFileType = sourcecode.swift; path = ThroneBuilderTests.swift; sourceTree = "<group>"; };
		A81E477E1EB6E71B00D5750F /* Info.plist */ = {isa = PBXFileReference; lastKnownFileType = text.plist.xml; path = Info.plist; sourceTree = "<group>"; };
		A81E47831EB6E71B00D5750F /* ThroneBuilderUITests.xctest */ = {isa = PBXFileReference; explicitFileType = wrapper.cfbundle; includeInIndex = 0; path = ThroneBuilderUITests.xctest; sourceTree = BUILT_PRODUCTS_DIR; };
		A81E47871EB6E71B00D5750F /* ThroneBuilderUITests.swift */ = {isa = PBXFileReference; lastKnownFileType = sourcecode.swift; path = ThroneBuilderUITests.swift; sourceTree = "<group>"; };
		A81E47891EB6E71B00D5750F /* Info.plist */ = {isa = PBXFileReference; lastKnownFileType = text.plist.xml; path = Info.plist; sourceTree = "<group>"; };
		A81E47951EB6EB2000D5750F /* Alamofire.xcodeproj */ = {isa = PBXFileReference; lastKnownFileType = "wrapper.pb-project"; name = Alamofire.xcodeproj; path = Alamofire/Alamofire.xcodeproj; sourceTree = "<group>"; };
/* End PBXFileReference section */

/* Begin PBXFrameworksBuildPhase section */
		A81E475E1EB6E71A00D5750F /* Frameworks */ = {
			isa = PBXFrameworksBuildPhase;
			buildActionMask = 2147483647;
			files = (
				A81E47AE1EB6EC1300D5750F /* Alamofire.framework in Frameworks */,
			);
			runOnlyForDeploymentPostprocessing = 0;
		};
		A81E47751EB6E71B00D5750F /* Frameworks */ = {
			isa = PBXFrameworksBuildPhase;
			buildActionMask = 2147483647;
			files = (
			);
			runOnlyForDeploymentPostprocessing = 0;
		};
		A81E47801EB6E71B00D5750F /* Frameworks */ = {
			isa = PBXFrameworksBuildPhase;
			buildActionMask = 2147483647;
			files = (
			);
			runOnlyForDeploymentPostprocessing = 0;
		};
/* End PBXFrameworksBuildPhase section */

/* Begin PBXGroup section */
		A81E47581EB6E71A00D5750F = {
			isa = PBXGroup;
			children = (
				A81E47631EB6E71B00D5750F /* ThroneBuilder */,
				A81E477B1EB6E71B00D5750F /* ThroneBuilderTests */,
				A81E47861EB6E71B00D5750F /* ThroneBuilderUITests */,
				A81E47621EB6E71B00D5750F /* Products */,
				A81E47951EB6EB2000D5750F /* Alamofire.xcodeproj */,
			);
			sourceTree = "<group>";
		};
		A81E47621EB6E71B00D5750F /* Products */ = {
			isa = PBXGroup;
			children = (
				A81E47611EB6E71B00D5750F /* ThroneBuilder.app */,
				A81E47781EB6E71B00D5750F /* ThroneBuilderTests.xctest */,
				A81E47831EB6E71B00D5750F /* ThroneBuilderUITests.xctest */,
			);
			name = Products;
			sourceTree = "<group>";
		};
		A81E47631EB6E71B00D5750F /* ThroneBuilder */ = {
			isa = PBXGroup;
			children = (
				A81E47641EB6E71B00D5750F /* AppDelegate.swift */,
				A81E47661EB6E71B00D5750F /* ViewController.swift */,
				A81E47681EB6E71B00D5750F /* Main.storyboard */,
				A81E476E1EB6E71B00D5750F /* Assets.xcassets */,
				A81E47701EB6E71B00D5750F /* LaunchScreen.storyboard */,
				A81E47731EB6E71B00D5750F /* Info.plist */,
				A81E476B1EB6E71B00D5750F /* ThroneBuilder.xcdatamodeld */,
			);
			path = ThroneBuilder;
			sourceTree = "<group>";
		};
		A81E477B1EB6E71B00D5750F /* ThroneBuilderTests */ = {
			isa = PBXGroup;
			children = (
				A81E477C1EB6E71B00D5750F /* ThroneBuilderTests.swift */,
				A81E477E1EB6E71B00D5750F /* Info.plist */,
			);
			path = ThroneBuilderTests;
			sourceTree = "<group>";
		};
		A81E47861EB6E71B00D5750F /* ThroneBuilderUITests */ = {
			isa = PBXGroup;
			children = (
				A81E47871EB6E71B00D5750F /* ThroneBuilderUITests.swift */,
				A81E47891EB6E71B00D5750F /* Info.plist */,
			);
			path = ThroneBuilderUITests;
			sourceTree = "<group>";
		};
		A81E47961EB6EB2000D5750F /* Products */ = {
			isa = PBXGroup;
			children = (
				A81E47A11EB6EB2000D5750F /* Alamofire.framework */,
				A81E47A31EB6EB2000D5750F /* Alamofire iOS Tests.xctest */,
				A81E47A51EB6EB2000D5750F /* Alamofire.framework */,
				A81E47A71EB6EB2000D5750F /* Alamofire macOS Tests.xctest */,
				A81E47A91EB6EB2000D5750F /* Alamofire.framework */,
				A81E47AB1EB6EB2000D5750F /* Alamofire tvOS Tests.xctest */,
				A81E47AD1EB6EB2000D5750F /* Alamofire.framework */,
			);
			name = Products;
			sourceTree = "<group>";
		};
/* End PBXGroup section */

/* Begin PBXNativeTarget section */
		A81E47601EB6E71A00D5750F /* ThroneBuilder */ = {
			isa = PBXNativeTarget;
			buildConfigurationList = A81E478C1EB6E71B00D5750F /* Build configuration list for PBXNativeTarget "ThroneBuilder" */;
			buildPhases = (
				A81E475D1EB6E71A00D5750F /* Sources */,
				A81E475E1EB6E71A00D5750F /* Frameworks */,
				A81E475F1EB6E71A00D5750F /* Resources */,
				A81E47B21EB6EC1300D5750F /* Embed Frameworks */,
			);
			buildRules = (
			);
			dependencies = (
				A81E47B11EB6EC1300D5750F /* PBXTargetDependency */,
			);
			name = ThroneBuilder;
			productName = ThroneBuilder;
			productReference = A81E47611EB6E71B00D5750F /* ThroneBuilder.app */;
			productType = "com.apple.product-type.application";
		};
		A81E47771EB6E71B00D5750F /* ThroneBuilderTests */ = {
			isa = PBXNativeTarget;
			buildConfigurationList = A81E478F1EB6E71B00D5750F /* Build configuration list for PBXNativeTarget "ThroneBuilderTests" */;
			buildPhases = (
				A81E47741EB6E71B00D5750F /* Sources */,
				A81E47751EB6E71B00D5750F /* Frameworks */,
				A81E47761EB6E71B00D5750F /* Resources */,
			);
			buildRules = (
			);
			dependencies = (
				A81E477A1EB6E71B00D5750F /* PBXTargetDependency */,
			);
			name = ThroneBuilderTests;
			productName = ThroneBuilderTests;
			productReference = A81E47781EB6E71B00D5750F /* ThroneBuilderTests.xctest */;
			productType = "com.apple.product-type.bundle.unit-test";
		};
		A81E47821EB6E71B00D5750F /* ThroneBuilderUITests */ = {
			isa = PBXNativeTarget;
			buildConfigurationList = A81E47921EB6E71B00D5750F /* Build configuration list for PBXNativeTarget "ThroneBuilderUITests" */;
			buildPhases = (
				A81E477F1EB6E71B00D5750F /* Sources */,
				A81E47801EB6E71B00D5750F /* Frameworks */,
				A81E47811EB6E71B00D5750F /* Resources */,
			);
			buildRules = (
			);
			dependencies = (
				A81E47851EB6E71B00D5750F /* PBXTargetDependency */,
			);
			name = ThroneBuilderUITests;
			productName = ThroneBuilderUITests;
			productReference = A81E47831EB6E71B00D5750F /* ThroneBuilderUITests.xctest */;
			productType = "com.apple.product-type.bundle.ui-testing";
		};
/* End PBXNativeTarget section */

/* Begin PBXProject section */
		A81E47591EB6E71A00D5750F /* Project object */ = {
			isa = PBXProject;
			attributes = {
				LastSwiftUpdateCheck = 0820;
				LastUpgradeCheck = 0820;
				ORGANIZATIONNAME = "Grayston Ulery";
				TargetAttributes = {
					A81E47601EB6E71A00D5750F = {
						CreatedOnToolsVersion = 8.2.1;
						DevelopmentTeam = FFL428B6DU;
						ProvisioningStyle = Automatic;
					};
					A81E47771EB6E71B00D5750F = {
						CreatedOnToolsVersion = 8.2.1;
						DevelopmentTeam = FFL428B6DU;
						ProvisioningStyle = Automatic;
						TestTargetID = A81E47601EB6E71A00D5750F;
					};
					A81E47821EB6E71B00D5750F = {
						CreatedOnToolsVersion = 8.2.1;
						DevelopmentTeam = FFL428B6DU;
						ProvisioningStyle = Automatic;
						TestTargetID = A81E47601EB6E71A00D5750F;
					};
				};
			};
			buildConfigurationList = A81E475C1EB6E71A00D5750F /* Build configuration list for PBXProject "ThroneBuilder" */;
			compatibilityVersion = "Xcode 3.2";
			developmentRegion = English;
			hasScannedForEncodings = 0;
			knownRegions = (
				en,
				Base,
			);
			mainGroup = A81E47581EB6E71A00D5750F;
			productRefGroup = A81E47621EB6E71B00D5750F /* Products */;
			projectDirPath = "";
			projectReferences = (
				{
					ProductGroup = A81E47961EB6EB2000D5750F /* Products */;
					ProjectRef = A81E47951EB6EB2000D5750F /* Alamofire.xcodeproj */;
				},
			);
			projectRoot = "";
			targets = (
				A81E47601EB6E71A00D5750F /* ThroneBuilder */,
				A81E47771EB6E71B00D5750F /* ThroneBuilderTests */,
				A81E47821EB6E71B00D5750F /* ThroneBuilderUITests */,
			);
		};
/* End PBXProject section */

/* Begin PBXReferenceProxy section */
		A81E47A11EB6EB2000D5750F /* Alamofire.framework */ = {
			isa = PBXReferenceProxy;
			fileType = wrapper.framework;
			path = Alamofire.framework;
			remoteRef = A81E47A01EB6EB2000D5750F /* PBXContainerItemProxy */;
			sourceTree = BUILT_PRODUCTS_DIR;
		};
		A81E47A31EB6EB2000D5750F /* Alamofire iOS Tests.xctest */ = {
			isa = PBXReferenceProxy;
			fileType = wrapper.cfbundle;
			path = "Alamofire iOS Tests.xctest";
			remoteRef = A81E47A21EB6EB2000D5750F /* PBXContainerItemProxy */;
			sourceTree = BUILT_PRODUCTS_DIR;
		};
		A81E47A51EB6EB2000D5750F /* Alamofire.framework */ = {
			isa = PBXReferenceProxy;
			fileType = wrapper.framework;
			path = Alamofire.framework;
			remoteRef = A81E47A41EB6EB2000D5750F /* PBXContainerItemProxy */;
			sourceTree = BUILT_PRODUCTS_DIR;
		};
		A81E47A71EB6EB2000D5750F /* Alamofire macOS Tests.xctest */ = {
			isa = PBXReferenceProxy;
			fileType = wrapper.cfbundle;
			path = "Alamofire macOS Tests.xctest";
			remoteRef = A81E47A61EB6EB2000D5750F /* PBXContainerItemProxy */;
			sourceTree = BUILT_PRODUCTS_DIR;
		};
		A81E47A91EB6EB2000D5750F /* Alamofire.framework */ = {
			isa = PBXReferenceProxy;
			fileType = wrapper.framework;
			path = Alamofire.framework;
			remoteRef = A81E47A81EB6EB2000D5750F /* PBXContainerItemProxy */;
			sourceTree = BUILT_PRODUCTS_DIR;
		};
		A81E47AB1EB6EB2000D5750F /* Alamofire tvOS Tests.xctest */ = {
			isa = PBXReferenceProxy;
			fileType = wrapper.cfbundle;
			path = "Alamofire tvOS Tests.xctest";
			remoteRef = A81E47AA1EB6EB2000D5750F /* PBXContainerItemProxy */;
			sourceTree = BUILT_PRODUCTS_DIR;
		};
		A81E47AD1EB6EB2000D5750F /* Alamofire.framework */ = {
			isa = PBXReferenceProxy;
			fileType = wrapper.framework;
			path = Alamofire.framework;
			remoteRef = A81E47AC1EB6EB2000D5750F /* PBXContainerItemProxy */;
			sourceTree = BUILT_PRODUCTS_DIR;
		};
/* End PBXReferenceProxy section */

/* Begin PBXResourcesBuildPhase section */
		A81E475F1EB6E71A00D5750F /* Resources */ = {
			isa = PBXResourcesBuildPhase;
			buildActionMask = 2147483647;
			files = (
				A81E47721EB6E71B00D5750F /* LaunchScreen.storyboard in Resources */,
				A81E476F1EB6E71B00D5750F /* Assets.xcassets in Resources */,
				A81E476A1EB6E71B00D5750F /* Main.storyboard in Resources */,
			);
			runOnlyForDeploymentPostprocessing = 0;
		};
		A81E47761EB6E71B00D5750F /* Resources */ = {
			isa = PBXResourcesBuildPhase;
			buildActionMask = 2147483647;
			files = (
			);
			runOnlyForDeploymentPostprocessing = 0;
		};
		A81E47811EB6E71B00D5750F /* Resources */ = {
			isa = PBXResourcesBuildPhase;
			buildActionMask = 2147483647;
			files = (
			);
			runOnlyForDeploymentPostprocessing = 0;
		};
/* End PBXResourcesBuildPhase section */

/* Begin PBXSourcesBuildPhase section */
		A81E475D1EB6E71A00D5750F /* Sources */ = {
			isa = PBXSourcesBuildPhase;
			buildActionMask = 2147483647;
			files = (
				A81E476D1EB6E71B00D5750F /* ThroneBuilder.xcdatamodeld in Sources */,
				A81E47671EB6E71B00D5750F /* ViewController.swift in Sources */,
				A81E47651EB6E71B00D5750F /* AppDelegate.swift in Sources */,
			);
			runOnlyForDeploymentPostprocessing = 0;
		};
		A81E47741EB6E71B00D5750F /* Sources */ = {
			isa = PBXSourcesBuildPhase;
			buildActionMask = 2147483647;
			files = (
				A81E477D1EB6E71B00D5750F /* ThroneBuilderTests.swift in Sources */,
			);
			runOnlyForDeploymentPostprocessing = 0;
		};
		A81E477F1EB6E71B00D5750F /* Sources */ = {
			isa = PBXSourcesBuildPhase;
			buildActionMask = 2147483647;
			files = (
				A81E47881EB6E71B00D5750F /* ThroneBuilderUITests.swift in Sources */,
			);
			runOnlyForDeploymentPostprocessing = 0;
		};
/* End PBXSourcesBuildPhase section */

/* Begin PBXTargetDependency section */
		A81E477A1EB6E71B00D5750F /* PBXTargetDependency */ = {
			isa = PBXTargetDependency;
			target = A81E47601EB6E71A00D5750F /* ThroneBuilder */;
			targetProxy = A81E47791EB6E71B00D5750F /* PBXContainerItemProxy */;
		};
		A81E47851EB6E71B00D5750F /* PBXTargetDependency */ = {
			isa = PBXTargetDependency;
			target = A81E47601EB6E71A00D5750F /* ThroneBuilder */;
			targetProxy = A81E47841EB6E71B00D5750F /* PBXContainerItemProxy */;
		};
		A81E47B11EB6EC1300D5750F /* PBXTargetDependency */ = {
			isa = PBXTargetDependency;
			name = "Alamofire iOS";
			targetProxy = A81E47B01EB6EC1300D5750F /* PBXContainerItemProxy */;
		};
/* End PBXTargetDependency section */

/* Begin PBXVariantGroup section */
		A81E47681EB6E71B00D5750F /* Main.storyboard */ = {
			isa = PBXVariantGroup;
			children = (
				A81E47691EB6E71B00D5750F /* Base */,
			);
			name = Main.storyboard;
			sourceTree = "<group>";
		};
		A81E47701EB6E71B00D5750F /* LaunchScreen.storyboard */ = {
			isa = PBXVariantGroup;
			children = (
				A81E47711EB6E71B00D5750F /* Base */,
			);
			name = LaunchScreen.storyboard;
			sourceTree = "<group>";
		};
/* End PBXVariantGroup section */

/* Begin XCBuildConfiguration section */
		A81E478A1EB6E71B00D5750F /* Debug */ = {
			isa = XCBuildConfiguration;
			buildSettings = {
				ALWAYS_SEARCH_USER_PATHS = NO;
				CLANG_ANALYZER_NONNULL = YES;
				CLANG_CXX_LANGUAGE_STANDARD = "gnu++0x";
				CLANG_CXX_LIBRARY = "libc++";
				CLANG_ENABLE_MODULES = YES;
				CLANG_ENABLE_OBJC_ARC = YES;
				CLANG_WARN_BOOL_CONVERSION = YES;
				CLANG_WARN_CONSTANT_CONVERSION = YES;
				CLANG_WARN_DIRECT_OBJC_ISA_USAGE = YES_ERROR;
				CLANG_WARN_DOCUMENTATION_COMMENTS = YES;
				CLANG_WARN_EMPTY_BODY = YES;
				CLANG_WARN_ENUM_CONVERSION = YES;
				CLANG_WARN_INFINITE_RECURSION = YES;
				CLANG_WARN_INT_CONVERSION = YES;
				CLANG_WARN_OBJC_ROOT_CLASS = YES_ERROR;
				CLANG_WARN_SUSPICIOUS_MOVE = YES;
				CLANG_WARN_UNREACHABLE_CODE = YES;
				CLANG_WARN__DUPLICATE_METHOD_MATCH = YES;
				"CODE_SIGN_IDENTITY[sdk=iphoneos*]" = "iPhone Developer";
				COPY_PHASE_STRIP = NO;
				DEBUG_INFORMATION_FORMAT = dwarf;
				ENABLE_STRICT_OBJC_MSGSEND = YES;
				ENABLE_TESTABILITY = YES;
				GCC_C_LANGUAGE_STANDARD = gnu99;
				GCC_DYNAMIC_NO_PIC = NO;
				GCC_NO_COMMON_BLOCKS = YES;
				GCC_OPTIMIZATION_LEVEL = 0;
				GCC_PREPROCESSOR_DEFINITIONS = (
					"DEBUG=1",
					"$(inherited)",
				);
				GCC_WARN_64_TO_32_BIT_CONVERSION = YES;
				GCC_WARN_ABOUT_RETURN_TYPE = YES_ERROR;
				GCC_WARN_UNDECLARED_SELECTOR = YES;
				GCC_WARN_UNINITIALIZED_AUTOS = YES_AGGRESSIVE;
				GCC_WARN_UNUSED_FUNCTION = YES;
				GCC_WARN_UNUSED_VARIABLE = YES;
				IPHONEOS_DEPLOYMENT_TARGET = 10.2;
				MTL_ENABLE_DEBUG_INFO = YES;
				ONLY_ACTIVE_ARCH = YES;
				SDKROOT = iphoneos;
				SWIFT_ACTIVE_COMPILATION_CONDITIONS = DEBUG;
				SWIFT_OPTIMIZATION_LEVEL = "-Onone";
				TARGETED_DEVICE_FAMILY = "1,2";
			};
			name = Debug;
		};
		A81E478B1EB6E71B00D5750F /* Release */ = {
			isa = XCBuildConfiguration;
			buildSettings = {
				ALWAYS_SEARCH_USER_PATHS = NO;
				CLANG_ANALYZER_NONNULL = YES;
				CLANG_CXX_LANGUAGE_STANDARD = "gnu++0x";
				CLANG_CXX_LIBRARY = "libc++";
				CLANG_ENABLE_MODULES = YES;
				CLANG_ENABLE_OBJC_ARC = YES;
				CLANG_WARN_BOOL_CONVERSION = YES;
				CLANG_WARN_CONSTANT_CONVERSION = YES;
				CLANG_WARN_DIRECT_OBJC_ISA_USAGE = YES_ERROR;
				CLANG_WARN_DOCUMENTATION_COMMENTS = YES;
				CLANG_WARN_EMPTY_BODY = YES;
				CLANG_WARN_ENUM_CONVERSION = YES;
				CLANG_WARN_INFINITE_RECURSION = YES;
				CLANG_WARN_INT_CONVERSION = YES;
				CLANG_WARN_OBJC_ROOT_CLASS = YES_ERROR;
				CLANG_WARN_SUSPICIOUS_MOVE = YES;
				CLANG_WARN_UNREACHABLE_CODE = YES;
				CLANG_WARN__DUPLICATE_METHOD_MATCH = YES;
				"CODE_SIGN_IDENTITY[sdk=iphoneos*]" = "iPhone Developer";
				COPY_PHASE_STRIP = NO;
				DEBUG_INFORMATION_FORMAT = "dwarf-with-dsym";
				ENABLE_NS_ASSERTIONS = NO;
				ENABLE_STRICT_OBJC_MSGSEND = YES;
				GCC_C_LANGUAGE_STANDARD = gnu99;
				GCC_NO_COMMON_BLOCKS = YES;
				GCC_WARN_64_TO_32_BIT_CONVERSION = YES;
				GCC_WARN_ABOUT_RETURN_TYPE = YES_ERROR;
				GCC_WARN_UNDECLARED_SELECTOR = YES;
				GCC_WARN_UNINITIALIZED_AUTOS = YES_AGGRESSIVE;
				GCC_WARN_UNUSED_FUNCTION = YES;
				GCC_WARN_UNUSED_VARIABLE = YES;
				IPHONEOS_DEPLOYMENT_TARGET = 10.2;
				MTL_ENABLE_DEBUG_INFO = NO;
				SDKROOT = iphoneos;
				SWIFT_OPTIMIZATION_LEVEL = "-Owholemodule";
				TARGETED_DEVICE_FAMILY = "1,2";
				VALIDATE_PRODUCT = YES;
			};
			name = Release;
		};
		A81E478D1EB6E71B00D5750F /* Debug */ = {
			isa = XCBuildConfiguration;
			buildSettings = {
				ALWAYS_EMBED_SWIFT_STANDARD_LIBRARIES = YES;
				ASSETCATALOG_COMPILER_APPICON_NAME = AppIcon;
				DEVELOPMENT_TEAM = FFL428B6DU;
				INFOPLIST_FILE = ThroneBuilder/Info.plist;
				IPHONEOS_DEPLOYMENT_TARGET = 10.2;
				LD_RUNPATH_SEARCH_PATHS = "$(inherited) @executable_path/Frameworks";
				PRODUCT_BUNDLE_IDENTIFIER = gray.ulery.ThroneBuilder;
				PRODUCT_NAME = "$(TARGET_NAME)";
				SWIFT_VERSION = 3.0;
			};
			name = Debug;
		};
		A81E478E1EB6E71B00D5750F /* Release */ = {
			isa = XCBuildConfiguration;
			buildSettings = {
				ALWAYS_EMBED_SWIFT_STANDARD_LIBRARIES = YES;
				ASSETCATALOG_COMPILER_APPICON_NAME = AppIcon;
				DEVELOPMENT_TEAM = FFL428B6DU;
				INFOPLIST_FILE = ThroneBuilder/Info.plist;
				IPHONEOS_DEPLOYMENT_TARGET = 10.2;
				LD_RUNPATH_SEARCH_PATHS = "$(inherited) @executable_path/Frameworks";
				PRODUCT_BUNDLE_IDENTIFIER = gray.ulery.ThroneBuilder;
				PRODUCT_NAME = "$(TARGET_NAME)";
				SWIFT_VERSION = 3.0;
			};
			name = Release;
		};
		A81E47901EB6E71B00D5750F /* Debug */ = {
			isa = XCBuildConfiguration;
			buildSettings = {
				ALWAYS_EMBED_SWIFT_STANDARD_LIBRARIES = YES;
				BUNDLE_LOADER = "$(TEST_HOST)";
				DEVELOPMENT_TEAM = FFL428B6DU;
				INFOPLIST_FILE = ThroneBuilderTests/Info.plist;
				LD_RUNPATH_SEARCH_PATHS = "$(inherited) @executable_path/Frameworks @loader_path/Frameworks";
				PRODUCT_BUNDLE_IDENTIFIER = gray.ulery.ThroneBuilderTests;
				PRODUCT_NAME = "$(TARGET_NAME)";
				SWIFT_VERSION = 3.0;
				TEST_HOST = "$(BUILT_PRODUCTS_DIR)/ThroneBuilder.app/ThroneBuilder";
			};
			name = Debug;
		};
		A81E47911EB6E71B00D5750F /* Release */ = {
			isa = XCBuildConfiguration;
			buildSettings = {
				ALWAYS_EMBED_SWIFT_STANDARD_LIBRARIES = YES;
				BUNDLE_LOADER = "$(TEST_HOST)";
				DEVELOPMENT_TEAM = FFL428B6DU;
				INFOPLIST_FILE = ThroneBuilderTests/Info.plist;
				LD_RUNPATH_SEARCH_PATHS = "$(inherited) @executable_path/Frameworks @loader_path/Frameworks";
				PRODUCT_BUNDLE_IDENTIFIER = gray.ulery.ThroneBuilderTests;
				PRODUCT_NAME = "$(TARGET_NAME)";
				SWIFT_VERSION = 3.0;
				TEST_HOST = "$(BUILT_PRODUCTS_DIR)/ThroneBuilder.app/ThroneBuilder";
			};
			name = Release;
		};
		A81E47931EB6E71B00D5750F /* Debug */ = {
			isa = XCBuildConfiguration;
			buildSettings = {
				ALWAYS_EMBED_SWIFT_STANDARD_LIBRARIES = YES;
				DEVELOPMENT_TEAM = FFL428B6DU;
				INFOPLIST_FILE = ThroneBuilderUITests/Info.plist;
				LD_RUNPATH_SEARCH_PATHS = "$(inherited) @executable_path/Frameworks @loader_path/Frameworks";
				PRODUCT_BUNDLE_IDENTIFIER = gray.ulery.ThroneBuilderUITests;
				PRODUCT_NAME = "$(TARGET_NAME)";
				SWIFT_VERSION = 3.0;
				TEST_TARGET_NAME = ThroneBuilder;
			};
			name = Debug;
		};
		A81E47941EB6E71B00D5750F /* Release */ = {
			isa = XCBuildConfiguration;
			buildSettings = {
				ALWAYS_EMBED_SWIFT_STANDARD_LIBRARIES = YES;
				DEVELOPMENT_TEAM = FFL428B6DU;
				INFOPLIST_FILE = ThroneBuilderUITests/Info.plist;
				LD_RUNPATH_SEARCH_PATHS = "$(inherited) @executable_path/Frameworks @loader_path/Frameworks";
				PRODUCT_BUNDLE_IDENTIFIER = gray.ulery.ThroneBuilderUITests;
				PRODUCT_NAME = "$(TARGET_NAME)";
				SWIFT_VERSION = 3.0;
				TEST_TARGET_NAME = ThroneBuilder;
			};
			name = Release;
		};
/* End XCBuildConfiguration section */

/* Begin XCConfigurationList section */
		A81E475C1EB6E71A00D5750F /* Build configuration list for PBXProject "ThroneBuilder" */ = {
			isa = XCConfigurationList;
			buildConfigurations = (
				A81E478A1EB6E71B00D5750F /* Debug */,
				A81E478B1EB6E71B00D5750F /* Release */,
			);
			defaultConfigurationIsVisible = 0;
			defaultConfigurationName = Release;
		};
		A81E478C1EB6E71B00D5750F /* Build configuration list for PBXNativeTarget "ThroneBuilder" */ = {
			isa = XCConfigurationList;
			buildConfigurations = (
				A81E478D1EB6E71B00D5750F /* Debug */,
				A81E478E1EB6E71B00D5750F /* Release */,
			);
			defaultConfigurationIsVisible = 0;
		};
		A81E478F1EB6E71B00D5750F /* Build configuration list for PBXNativeTarget "ThroneBuilderTests" */ = {
			isa = XCConfigurationList;
			buildConfigurations = (
				A81E47901EB6E71B00D5750F /* Debug */,
				A81E47911EB6E71B00D5750F /* Release */,
			);
			defaultConfigurationIsVisible = 0;
		};
		A81E47921EB6E71B00D5750F /* Build configuration list for PBXNativeTarget "ThroneBuilderUITests" */ = {
			isa = XCConfigurationList;
			buildConfigurations = (
				A81E47931EB6E71B00D5750F /* Debug */,
				A81E47941EB6E71B00D5750F /* Release */,
			);
			defaultConfigurationIsVisible = 0;
		};
/* End XCConfigurationList section */

/* Begin XCVersionGroup section */
		A81E476B1EB6E71B00D5750F /* ThroneBuilder.xcdatamodeld */ = {
			isa = XCVersionGroup;
			children = (
				A81E476C1EB6E71B00D5750F /* ThroneBuilder.xcdatamodel */,
			);
			currentVersion = A81E476C1EB6E71B00D5750F /* ThroneBuilder.xcdatamodel */;
			path = ThroneBuilder.xcdatamodeld;
			sourceTree = "<group>";
			versionGroupType = wrapper.xcdatamodel;
		};
/* End XCVersionGroup section */
	};
	rootObject = A81E47591EB6E71A00D5750F /* Project object */;
}
